{
  "version": 4,
  "terraform_version": "1.0.8",
  "serial": 67,
  "lineage": "698113af-e12d-0ac9-1c94-bcd34e2876ef",
  "outputs": {
    "jenkins_endpoint": {
      "value": "35.225.0.2",
      "type": "string"
    }
  },
  "resources": [
    {
      "mode": "managed",
      "type": "google_compute_firewall",
      "name": "jenkins",
      "provider": "provider[\"registry.terraform.io/hashicorp/google\"]",
      "instances": [
        {
          "schema_version": 1,
          "attributes": {
            "allow": [
              {
                "ports": [
                  "80",
                  "22",
                  "8080"
                ],
                "protocol": "tcp"
              },
              {
                "ports": [],
                "protocol": "icmp"
              }
            ],
            "creation_timestamp": "2021-11-09T06:59:35.201-08:00",
            "deny": [],
            "description": "",
            "destination_ranges": [],
            "direction": "INGRESS",
            "disabled": false,
            "enable_logging": null,
            "id": "projects/nginx-328009/global/firewalls/jenkins",
            "log_config": [],
            "name": "jenkins",
            "network": "https://www.googleapis.com/compute/v1/projects/nginx-328009/global/networks/jenkins",
            "priority": 1000,
            "project": "nginx-328009",
            "self_link": "https://www.googleapis.com/compute/v1/projects/nginx-328009/global/firewalls/jenkins",
            "source_ranges": [
              "0.0.0.0/0"
            ],
            "source_service_accounts": null,
            "source_tags": null,
            "target_service_accounts": null,
            "target_tags": [
              "jenkins"
            ],
            "timeouts": null
          },
          "sensitive_attributes": [],
          "private": "eyJlMmJmYjczMC1lY2FhLTExZTYtOGY4OC0zNDM2M2JjN2M0YzAiOnsiY3JlYXRlIjoyNDAwMDAwMDAwMDAsImRlbGV0ZSI6MjQwMDAwMDAwMDAwLCJ1cGRhdGUiOjI0MDAwMDAwMDAwMH0sInNjaGVtYV92ZXJzaW9uIjoiMSJ9",
          "dependencies": [
            "google_compute_network.jenkins"
          ]
        }
      ]
    },
    {
      "mode": "managed",
      "type": "google_compute_instance",
      "name": "jenkins",
      "provider": "provider[\"registry.terraform.io/hashicorp/google\"]",
      "instances": [
        {
          "schema_version": 6,
          "attributes": {
            "advanced_machine_features": [],
            "allow_stopping_for_update": null,
            "attached_disk": [],
            "boot_disk": [
              {
                "auto_delete": true,
                "device_name": "persistent-disk-0",
                "disk_encryption_key_raw": "",
                "disk_encryption_key_sha256": "",
                "initialize_params": [
                  {
                    "image": "https://www.googleapis.com/compute/v1/projects/nginx-328009/global/images/jenkins-agent-new",
                    "labels": {},
                    "size": 10,
                    "type": "pd-standard"
                  }
                ],
                "kms_key_self_link": "",
                "mode": "READ_WRITE",
                "source": "https://www.googleapis.com/compute/v1/projects/nginx-328009/zones/us-central1-a/disks/jenkins-master"
              }
            ],
            "can_ip_forward": false,
            "confidential_instance_config": [],
            "cpu_platform": "Intel Broadwell",
            "current_status": "RUNNING",
            "deletion_protection": false,
            "description": "",
            "desired_status": null,
            "enable_display": false,
            "guest_accelerator": [],
            "hostname": "",
            "id": "projects/nginx-328009/zones/us-central1-a/instances/jenkins-master",
            "instance_id": "875528970532499969",
            "label_fingerprint": "42WmSpB8rSM=",
            "labels": null,
            "machine_type": "e2-micro",
            "metadata": {
              "ssh-keys": "yurii:ssh-rsa AAAAB3NzaC1yc2EAAAADAQABAAABgQCYsh/CVhJOPV8mkLJK4hhTBdjRY2LqBoisRDGBi4FLJTuNCjCSeJ/MIGlFrLgE+bLLSSLpOLk/UKCTS88ZMhFNziy8CoxUEn+Ct3/Zg6POJg+cTP+moE5P3/3Po3erK1VHwn9NZKkD1Rza7BlXOmKBva4ww9wHurQjwnIcct3R6V9ZytMDFH0ztR8lXjonXF0tzLxWOJbl5sg/eCkCNjELKmDiRsHLhEhss2I09CRbAvlE8HbG9ILGILb8WVyrdYZmjkiFqQBhUNPvFWCAEYi/6e5d+S00u7Y3rxzlzEYEZwxXuK8cQZczaC5kcdmFR+dqzs+VX9U6+pCR0yxsVGgNM2gFpB1rhoAaRJc6D1s5xBRrdmIRFl1PTNYITegbThqN33ArylkvdZPAP3/xezrNc2Sp40jw1mqaATJeXokcu9ecZ4abAe/3THhfcnV5XPxnwBu6/E3w+QlyK423EI/x1Hh9et6cusv1N59fTVms1yfq6tnpviW3KEHdqMazMfk= yurii@PF2ZJ6SZ\n"
            },
            "metadata_fingerprint": "4gi3fyZi_kI=",
            "metadata_startup_script": "",
            "min_cpu_platform": "",
            "name": "jenkins-master",
            "network_interface": [
              {
                "access_config": [
                  {
                    "nat_ip": "35.225.0.2",
                    "network_tier": "PREMIUM",
                    "public_ptr_domain_name": ""
                  }
                ],
                "alias_ip_range": [],
                "name": "nic0",
                "network": "https://www.googleapis.com/compute/v1/projects/nginx-328009/global/networks/jenkins",
                "network_ip": "10.0.0.2",
                "nic_type": "",
                "subnetwork": "https://www.googleapis.com/compute/v1/projects/nginx-328009/regions/us-central1/subnetworks/main",
                "subnetwork_project": "nginx-328009"
              }
            ],
            "project": "nginx-328009",
            "reservation_affinity": [],
            "resource_policies": null,
            "scheduling": [
              {
                "automatic_restart": true,
                "min_node_cpus": 0,
                "node_affinities": [],
                "on_host_maintenance": "MIGRATE",
                "preemptible": false
              }
            ],
            "scratch_disk": [],
            "self_link": "https://www.googleapis.com/compute/v1/projects/nginx-328009/zones/us-central1-a/instances/jenkins-master",
            "service_account": [],
            "shielded_instance_config": [
              {
                "enable_integrity_monitoring": true,
                "enable_secure_boot": false,
                "enable_vtpm": true
              }
            ],
            "tags": [
              "jenkins"
            ],
            "tags_fingerprint": "4l7--0t2PzY=",
            "timeouts": null,
            "zone": "us-central1-a"
          },
          "sensitive_attributes": [],
          "private": "eyJlMmJmYjczMC1lY2FhLTExZTYtOGY4OC0zNDM2M2JjN2M0YzAiOnsiY3JlYXRlIjoxMjAwMDAwMDAwMDAwLCJkZWxldGUiOjEyMDAwMDAwMDAwMDAsInVwZGF0ZSI6MTIwMDAwMDAwMDAwMH0sInNjaGVtYV92ZXJzaW9uIjoiNiJ9",
          "dependencies": [
            "google_compute_network.jenkins",
            "google_compute_subnetwork.main"
          ]
        }
      ]
    },
    {
      "mode": "managed",
      "type": "google_compute_network",
      "name": "jenkins",
      "provider": "provider[\"registry.terraform.io/hashicorp/google\"]",
      "instances": [
        {
          "schema_version": 0,
          "attributes": {
            "auto_create_subnetworks": false,
            "delete_default_routes_on_create": false,
            "description": "",
            "gateway_ipv4": "",
            "id": "projects/nginx-328009/global/networks/jenkins",
            "mtu": 0,
            "name": "jenkins",
            "project": "nginx-328009",
            "routing_mode": "REGIONAL",
            "self_link": "https://www.googleapis.com/compute/v1/projects/nginx-328009/global/networks/jenkins",
            "timeouts": null
          },
          "sensitive_attributes": [],
          "private": "eyJlMmJmYjczMC1lY2FhLTExZTYtOGY4OC0zNDM2M2JjN2M0YzAiOnsiY3JlYXRlIjoyNDAwMDAwMDAwMDAsImRlbGV0ZSI6MjQwMDAwMDAwMDAwLCJ1cGRhdGUiOjI0MDAwMDAwMDAwMH19"
        }
      ]
    },
    {
      "mode": "managed",
      "type": "google_compute_subnetwork",
      "name": "main",
      "provider": "provider[\"registry.terraform.io/hashicorp/google\"]",
      "instances": [
        {
          "schema_version": 0,
          "attributes": {
            "creation_timestamp": "2021-11-09T06:59:35.221-08:00",
            "description": "",
            "fingerprint": null,
            "gateway_address": "10.0.0.1",
            "id": "projects/nginx-328009/regions/us-central1/subnetworks/main",
            "ip_cidr_range": "10.0.0.0/24",
            "log_config": [],
            "name": "main",
            "network": "https://www.googleapis.com/compute/v1/projects/nginx-328009/global/networks/jenkins",
            "private_ip_google_access": false,
            "private_ipv6_google_access": "DISABLE_GOOGLE_ACCESS",
            "project": "nginx-328009",
            "purpose": "PRIVATE",
            "region": "us-central1",
            "role": "",
            "secondary_ip_range": [],
            "self_link": "https://www.googleapis.com/compute/v1/projects/nginx-328009/regions/us-central1/subnetworks/main",
            "timeouts": null
          },
          "sensitive_attributes": [],
          "private": "eyJlMmJmYjczMC1lY2FhLTExZTYtOGY4OC0zNDM2M2JjN2M0YzAiOnsiY3JlYXRlIjozNjAwMDAwMDAwMDAsImRlbGV0ZSI6MzYwMDAwMDAwMDAwLCJ1cGRhdGUiOjM2MDAwMDAwMDAwMH19",
          "dependencies": [
            "google_compute_network.jenkins"
          ]
        }
      ]
    }
  ]
}
